{
  "requires": true,
  "lockfileVersion": 1,
  "dependencies": {
    "lodash": {
      "version": "4.17.5",
      "resolved": "https://registry.npmjs.org/lodash/-/lodash-4.17.5.tgz",
      "integrity": "sha512-svL3uiZf1RwhH+cWrfZn3A4+U58wbP0tGVTLQPbjplZxZ8ROD9VLuNgsRniTlLe7OlSqR79RUehXgpBW/s0IQw=="
    },
    "ng2-completer": {
      "version": "1.6.3",
      "resolved": "https://registry.npmjs.org/ng2-completer/-/ng2-completer-1.6.3.tgz",
      "integrity": "sha1-sSyQK3hvaFxrElbdh9dG4qvy5QU="
    },
    "ng2-smart-table": {
      "version": "1.2.2",
      "resolved": "https://registry.npmjs.org/ng2-smart-table/-/ng2-smart-table-1.2.2.tgz",
      "integrity": "sha512-JJBsaK96Pd4baAYobJGXLjK9EOSYwR6PLnHEGZU7yLNoCrK+JjpJtZkpRouCWaYtdl0rdT2QdvmaAlGy39lt/Q==",
      "requires": {
        "lodash": "4.17.5",
        "ng2-completer": "1.6.3"
      }
    }
  }
}
